
Microsoft Visual Studio Solution File, Format Version 12.00
# Visual Studio 14
VisualStudioVersion = 14.0.24720.0
MinimumVisualStudioVersion = 10.0.40219.1
Project("{FAE04EC0-301F-11D3-BF4B-00C04F79EFBC}") = "xPlatformSurfingChampions.Droid", "xPlatformSurfingChampions\xPlatformSurfingChampions.Droid\xPlatformSurfingChampions.Droid.csproj", "{2F26CCAC-1282-4E0E-810A-1E9B705763B0}"
EndProject
Project("{FAE04EC0-301F-11D3-BF4B-00C04F79EFBC}") = "xPlatformSurfingChampions.iOS", "xPlatformSurfingChampions\xPlatformSurfingChampions.iOS\xPlatformSurfingChampions.iOS.csproj", "{48FA9DDA-ED9F-467F-8506-C1DDA6F8E145}"
EndProject
Project("{FAE04EC0-301F-11D3-BF4B-00C04F79EFBC}") = "xPlatformSurfingChampions", "xPlatformSurfingChampions\xPlatformSurfingChampions\xPlatformSurfingChampions.csproj", "{94923858-1A45-457D-8293-B24B17FA0601}"
EndProject
Project("{FAE04EC0-301F-11D3-BF4B-00C04F79EFBC}") = "xPlatformSurfingChampions.Azure", "xPlatformSurfingChampions.Azure\xPlatformSurfingChampions.Azure.csproj", "{FE909FD0-EDE2-4F98-8BC9-3C612088332F}"
EndProject
Project("{FAE04EC0-301F-11D3-BF4B-00C04F79EFBC}") = "xPlatformSurfingChampions.WindowsPhone", "xPlatformSurfingChampions.WindowsPhone\xPlatformSurfingChampions.WindowsPhone.csproj", "{6884306A-99AC-42FA-82BF-2F4F38B8F4F3}"
EndProject
Global
	GlobalSection(SolutionConfigurationPlatforms) = preSolution
		Ad-Hoc|Any CPU = Ad-Hoc|Any CPU
		Ad-Hoc|ARM = Ad-Hoc|ARM
		Ad-Hoc|iPhone = Ad-Hoc|iPhone
		Ad-Hoc|iPhoneSimulator = Ad-Hoc|iPhoneSimulator
		Ad-Hoc|x86 = Ad-Hoc|x86
		AppStore|Any CPU = AppStore|Any CPU
		AppStore|ARM = AppStore|ARM
		AppStore|iPhone = AppStore|iPhone
		AppStore|iPhoneSimulator = AppStore|iPhoneSimulator
		AppStore|x86 = AppStore|x86
		Debug|Any CPU = Debug|Any CPU
		Debug|ARM = Debug|ARM
		Debug|iPhone = Debug|iPhone
		Debug|iPhoneSimulator = Debug|iPhoneSimulator
		Debug|x86 = Debug|x86
		Release|Any CPU = Release|Any CPU
		Release|ARM = Release|ARM
		Release|iPhone = Release|iPhone
		Release|iPhoneSimulator = Release|iPhoneSimulator
		Release|x86 = Release|x86
	EndGlobalSection
	GlobalSection(ProjectConfigurationPlatforms) = postSolution
		{2F26CCAC-1282-4E0E-810A-1E9B705763B0}.Ad-Hoc|Any CPU.ActiveCfg = Release|Any CPU
		{2F26CCAC-1282-4E0E-810A-1E9B705763B0}.Ad-Hoc|Any CPU.Build.0 = Release|Any CPU
		{2F26CCAC-1282-4E0E-810A-1E9B705763B0}.Ad-Hoc|Any CPU.Deploy.0 = Release|Any CPU
		{2F26CCAC-1282-4E0E-810A-1E9B705763B0}.Ad-Hoc|ARM.ActiveCfg = Debug|Any CPU
		{2F26CCAC-1282-4E0E-810A-1E9B705763B0}.Ad-Hoc|ARM.Build.0 = Debug|Any CPU
		{2F26CCAC-1282-4E0E-810A-1E9B705763B0}.Ad-Hoc|ARM.Deploy.0 = Debug|Any CPU
		{2F26CCAC-1282-4E0E-810A-1E9B705763B0}.Ad-Hoc|iPhone.ActiveCfg = Release|Any CPU
		{2F26CCAC-1282-4E0E-810A-1E9B705763B0}.Ad-Hoc|iPhone.Build.0 = Release|Any CPU
		{2F26CCAC-1282-4E0E-810A-1E9B705763B0}.Ad-Hoc|iPhone.Deploy.0 = Release|Any CPU
		{2F26CCAC-1282-4E0E-810A-1E9B705763B0}.Ad-Hoc|iPhoneSimulator.ActiveCfg = Release|Any CPU
		{2F26CCAC-1282-4E0E-810A-1E9B705763B0}.Ad-Hoc|iPhoneSimulator.Build.0 = Release|Any CPU
		{2F26CCAC-1282-4E0E-810A-1E9B705763B0}.Ad-Hoc|iPhoneSimulator.Deploy.0 = Release|Any CPU
		{2F26CCAC-1282-4E0E-810A-1E9B705763B0}.Ad-Hoc|x86.ActiveCfg = Debug|Any CPU
		{2F26CCAC-1282-4E0E-810A-1E9B705763B0}.Ad-Hoc|x86.Build.0 = Debug|Any CPU
		{2F26CCAC-1282-4E0E-810A-1E9B705763B0}.Ad-Hoc|x86.Deploy.0 = Debug|Any CPU
		{2F26CCAC-1282-4E0E-810A-1E9B705763B0}.AppStore|Any CPU.ActiveCfg = Release|Any CPU
		{2F26CCAC-1282-4E0E-810A-1E9B705763B0}.AppStore|Any CPU.Build.0 = Release|Any CPU
		{2F26CCAC-1282-4E0E-810A-1E9B705763B0}.AppStore|Any CPU.Deploy.0 = Release|Any CPU
		{2F26CCAC-1282-4E0E-810A-1E9B705763B0}.AppStore|ARM.ActiveCfg = Debug|Any CPU
		{2F26CCAC-1282-4E0E-810A-1E9B705763B0}.AppStore|ARM.Build.0 = Debug|Any CPU
		{2F26CCAC-1282-4E0E-810A-1E9B705763B0}.AppStore|ARM.Deploy.0 = Debug|Any CPU
		{2F26CCAC-1282-4E0E-810A-1E9B705763B0}.AppStore|iPhone.ActiveCfg = Release|Any CPU
		{2F26CCAC-1282-4E0E-810A-1E9B705763B0}.AppStore|iPhone.Build.0 = Release|Any CPU
		{2F26CCAC-1282-4E0E-810A-1E9B705763B0}.AppStore|iPhone.Deploy.0 = Release|Any CPU
		{2F26CCAC-1282-4E0E-810A-1E9B705763B0}.AppStore|iPhoneSimulator.ActiveCfg = Release|Any CPU
		{2F26CCAC-1282-4E0E-810A-1E9B705763B0}.AppStore|iPhoneSimulator.Build.0 = Release|Any CPU
		{2F26CCAC-1282-4E0E-810A-1E9B705763B0}.AppStore|iPhoneSimulator.Deploy.0 = Release|Any CPU
		{2F26CCAC-1282-4E0E-810A-1E9B705763B0}.AppStore|x86.ActiveCfg = Debug|Any CPU
		{2F26CCAC-1282-4E0E-810A-1E9B705763B0}.AppStore|x86.Build.0 = Debug|Any CPU
		{2F26CCAC-1282-4E0E-810A-1E9B705763B0}.AppStore|x86.Deploy.0 = Debug|Any CPU
		{2F26CCAC-1282-4E0E-810A-1E9B705763B0}.Debug|Any CPU.ActiveCfg = Debug|Any CPU
		{2F26CCAC-1282-4E0E-810A-1E9B705763B0}.Debug|Any CPU.Build.0 = Debug|Any CPU
		{2F26CCAC-1282-4E0E-810A-1E9B705763B0}.Debug|Any CPU.Deploy.0 = Debug|Any CPU
		{2F26CCAC-1282-4E0E-810A-1E9B705763B0}.Debug|ARM.ActiveCfg = Debug|Any CPU
		{2F26CCAC-1282-4E0E-810A-1E9B705763B0}.Debug|ARM.Build.0 = Debug|Any CPU
		{2F26CCAC-1282-4E0E-810A-1E9B705763B0}.Debug|ARM.Deploy.0 = Debug|Any CPU
		{2F26CCAC-1282-4E0E-810A-1E9B705763B0}.Debug|iPhone.ActiveCfg = Debug|Any CPU
		{2F26CCAC-1282-4E0E-810A-1E9B705763B0}.Debug|iPhone.Build.0 = Debug|Any CPU
		{2F26CCAC-1282-4E0E-810A-1E9B705763B0}.Debug|iPhone.Deploy.0 = Debug|Any CPU
		{2F26CCAC-1282-4E0E-810A-1E9B705763B0}.Debug|iPhoneSimulator.ActiveCfg = Debug|Any CPU
		{2F26CCAC-1282-4E0E-810A-1E9B705763B0}.Debug|iPhoneSimulator.Build.0 = Debug|Any CPU
		{2F26CCAC-1282-4E0E-810A-1E9B705763B0}.Debug|iPhoneSimulator.Deploy.0 = Debug|Any CPU
		{2F26CCAC-1282-4E0E-810A-1E9B705763B0}.Debug|x86.ActiveCfg = Debug|Any CPU
		{2F26CCAC-1282-4E0E-810A-1E9B705763B0}.Debug|x86.Build.0 = Debug|Any CPU
		{2F26CCAC-1282-4E0E-810A-1E9B705763B0}.Debug|x86.Deploy.0 = Debug|Any CPU
		{2F26CCAC-1282-4E0E-810A-1E9B705763B0}.Release|Any CPU.ActiveCfg = Release|Any CPU
		{2F26CCAC-1282-4E0E-810A-1E9B705763B0}.Release|Any CPU.Build.0 = Release|Any CPU
		{2F26CCAC-1282-4E0E-810A-1E9B705763B0}.Release|Any CPU.Deploy.0 = Release|Any CPU
		{2F26CCAC-1282-4E0E-810A-1E9B705763B0}.Release|ARM.ActiveCfg = Release|Any CPU
		{2F26CCAC-1282-4E0E-810A-1E9B705763B0}.Release|ARM.Build.0 = Release|Any CPU
		{2F26CCAC-1282-4E0E-810A-1E9B705763B0}.Release|ARM.Deploy.0 = Release|Any CPU
		{2F26CCAC-1282-4E0E-810A-1E9B705763B0}.Release|iPhone.ActiveCfg = Release|Any CPU
		{2F26CCAC-1282-4E0E-810A-1E9B705763B0}.Release|iPhone.Build.0 = Release|Any CPU
		{2F26CCAC-1282-4E0E-810A-1E9B705763B0}.Release|iPhone.Deploy.0 = Release|Any CPU
		{2F26CCAC-1282-4E0E-810A-1E9B705763B0}.Release|iPhoneSimulator.ActiveCfg = Release|Any CPU
		{2F26CCAC-1282-4E0E-810A-1E9B705763B0}.Release|iPhoneSimulator.Build.0 = Release|Any CPU
		{2F26CCAC-1282-4E0E-810A-1E9B705763B0}.Release|iPhoneSimulator.Deploy.0 = Release|Any CPU
		{2F26CCAC-1282-4E0E-810A-1E9B705763B0}.Release|x86.ActiveCfg = Release|Any CPU
		{2F26CCAC-1282-4E0E-810A-1E9B705763B0}.Release|x86.Build.0 = Release|Any CPU
		{2F26CCAC-1282-4E0E-810A-1E9B705763B0}.Release|x86.Deploy.0 = Release|Any CPU
		{48FA9DDA-ED9F-467F-8506-C1DDA6F8E145}.Ad-Hoc|Any CPU.ActiveCfg = Ad-Hoc|iPhone
		{48FA9DDA-ED9F-467F-8506-C1DDA6F8E145}.Ad-Hoc|ARM.ActiveCfg = Ad-Hoc|iPhoneSimulator
		{48FA9DDA-ED9F-467F-8506-C1DDA6F8E145}.Ad-Hoc|iPhone.ActiveCfg = Ad-Hoc|iPhone
		{48FA9DDA-ED9F-467F-8506-C1DDA6F8E145}.Ad-Hoc|iPhone.Build.0 = Ad-Hoc|iPhone
		{48FA9DDA-ED9F-467F-8506-C1DDA6F8E145}.Ad-Hoc|iPhoneSimulator.ActiveCfg = Ad-Hoc|iPhoneSimulator
		{48FA9DDA-ED9F-467F-8506-C1DDA6F8E145}.Ad-Hoc|iPhoneSimulator.Build.0 = Ad-Hoc|iPhoneSimulator
		{48FA9DDA-ED9F-467F-8506-C1DDA6F8E145}.Ad-Hoc|x86.ActiveCfg = Ad-Hoc|iPhoneSimulator
		{48FA9DDA-ED9F-467F-8506-C1DDA6F8E145}.AppStore|Any CPU.ActiveCfg = AppStore|iPhone
		{48FA9DDA-ED9F-467F-8506-C1DDA6F8E145}.AppStore|ARM.ActiveCfg = AppStore|iPhoneSimulator
		{48FA9DDA-ED9F-467F-8506-C1DDA6F8E145}.AppStore|iPhone.ActiveCfg = AppStore|iPhone
		{48FA9DDA-ED9F-467F-8506-C1DDA6F8E145}.AppStore|iPhone.Build.0 = AppStore|iPhone
		{48FA9DDA-ED9F-467F-8506-C1DDA6F8E145}.AppStore|iPhoneSimulator.ActiveCfg = AppStore|iPhoneSimulator
		{48FA9DDA-ED9F-467F-8506-C1DDA6F8E145}.AppStore|iPhoneSimulator.Build.0 = AppStore|iPhoneSimulator
		{48FA9DDA-ED9F-467F-8506-C1DDA6F8E145}.AppStore|x86.ActiveCfg = AppStore|iPhoneSimulator
		{48FA9DDA-ED9F-467F-8506-C1DDA6F8E145}.Debug|Any CPU.ActiveCfg = Debug|iPhone
		{48FA9DDA-ED9F-467F-8506-C1DDA6F8E145}.Debug|ARM.ActiveCfg = Debug|iPhoneSimulator
		{48FA9DDA-ED9F-467F-8506-C1DDA6F8E145}.Debug|iPhone.ActiveCfg = Debug|iPhone
		{48FA9DDA-ED9F-467F-8506-C1DDA6F8E145}.Debug|iPhone.Build.0 = Debug|iPhone
		{48FA9DDA-ED9F-467F-8506-C1DDA6F8E145}.Debug|iPhoneSimulator.ActiveCfg = Debug|iPhoneSimulator
		{48FA9DDA-ED9F-467F-8506-C1DDA6F8E145}.Debug|iPhoneSimulator.Build.0 = Debug|iPhoneSimulator
		{48FA9DDA-ED9F-467F-8506-C1DDA6F8E145}.Debug|x86.ActiveCfg = Debug|iPhoneSimulator
		{48FA9DDA-ED9F-467F-8506-C1DDA6F8E145}.Release|Any CPU.ActiveCfg = Release|iPhone
		{48FA9DDA-ED9F-467F-8506-C1DDA6F8E145}.Release|ARM.ActiveCfg = Release|iPhoneSimulator
		{48FA9DDA-ED9F-467F-8506-C1DDA6F8E145}.Release|iPhone.ActiveCfg = Release|iPhone
		{48FA9DDA-ED9F-467F-8506-C1DDA6F8E145}.Release|iPhone.Build.0 = Release|iPhone
		{48FA9DDA-ED9F-467F-8506-C1DDA6F8E145}.Release|iPhoneSimulator.ActiveCfg = Release|iPhoneSimulator
		{48FA9DDA-ED9F-467F-8506-C1DDA6F8E145}.Release|iPhoneSimulator.Build.0 = Release|iPhoneSimulator
		{48FA9DDA-ED9F-467F-8506-C1DDA6F8E145}.Release|x86.ActiveCfg = Release|iPhoneSimulator
		{94923858-1A45-457D-8293-B24B17FA0601}.Ad-Hoc|Any CPU.ActiveCfg = Release|Any CPU
		{94923858-1A45-457D-8293-B24B17FA0601}.Ad-Hoc|Any CPU.Build.0 = Release|Any CPU
		{94923858-1A45-457D-8293-B24B17FA0601}.Ad-Hoc|ARM.ActiveCfg = Debug|Any CPU
		{94923858-1A45-457D-8293-B24B17FA0601}.Ad-Hoc|ARM.Build.0 = Debug|Any CPU
		{94923858-1A45-457D-8293-B24B17FA0601}.Ad-Hoc|iPhone.ActiveCfg = Release|Any CPU
		{94923858-1A45-457D-8293-B24B17FA0601}.Ad-Hoc|iPhone.Build.0 = Release|Any CPU
		{94923858-1A45-457D-8293-B24B17FA0601}.Ad-Hoc|iPhoneSimulator.ActiveCfg = Release|Any CPU
		{94923858-1A45-457D-8293-B24B17FA0601}.Ad-Hoc|iPhoneSimulator.Build.0 = Release|Any CPU
		{94923858-1A45-457D-8293-B24B17FA0601}.Ad-Hoc|x86.ActiveCfg = Debug|Any CPU
		{94923858-1A45-457D-8293-B24B17FA0601}.Ad-Hoc|x86.Build.0 = Debug|Any CPU
		{94923858-1A45-457D-8293-B24B17FA0601}.AppStore|Any CPU.ActiveCfg = Release|Any CPU
		{94923858-1A45-457D-8293-B24B17FA0601}.AppStore|Any CPU.Build.0 = Release|Any CPU
		{94923858-1A45-457D-8293-B24B17FA0601}.AppStore|ARM.ActiveCfg = Debug|Any CPU
		{94923858-1A45-457D-8293-B24B17FA0601}.AppStore|ARM.Build.0 = Debug|Any CPU
		{94923858-1A45-457D-8293-B24B17FA0601}.AppStore|iPhone.ActiveCfg = Release|Any CPU
		{94923858-1A45-457D-8293-B24B17FA0601}.AppStore|iPhone.Build.0 = Release|Any CPU
		{94923858-1A45-457D-8293-B24B17FA0601}.AppStore|iPhoneSimulator.ActiveCfg = Release|Any CPU
		{94923858-1A45-457D-8293-B24B17FA0601}.AppStore|iPhoneSimulator.Build.0 = Release|Any CPU
		{94923858-1A45-457D-8293-B24B17FA0601}.AppStore|x86.ActiveCfg = Debug|Any CPU
		{94923858-1A45-457D-8293-B24B17FA0601}.AppStore|x86.Build.0 = Debug|Any CPU
		{94923858-1A45-457D-8293-B24B17FA0601}.Debug|Any CPU.ActiveCfg = Debug|Any CPU
		{94923858-1A45-457D-8293-B24B17FA0601}.Debug|Any CPU.Build.0 = Debug|Any CPU
		{94923858-1A45-457D-8293-B24B17FA0601}.Debug|ARM.ActiveCfg = Debug|Any CPU
		{94923858-1A45-457D-8293-B24B17FA0601}.Debug|ARM.Build.0 = Debug|Any CPU
		{94923858-1A45-457D-8293-B24B17FA0601}.Debug|iPhone.ActiveCfg = Debug|Any CPU
		{94923858-1A45-457D-8293-B24B17FA0601}.Debug|iPhone.Build.0 = Debug|Any CPU
		{94923858-1A45-457D-8293-B24B17FA0601}.Debug|iPhoneSimulator.ActiveCfg = Debug|Any CPU
		{94923858-1A45-457D-8293-B24B17FA0601}.Debug|iPhoneSimulator.Build.0 = Debug|Any CPU
		{94923858-1A45-457D-8293-B24B17FA0601}.Debug|x86.ActiveCfg = Debug|Any CPU
		{94923858-1A45-457D-8293-B24B17FA0601}.Debug|x86.Build.0 = Debug|Any CPU
		{94923858-1A45-457D-8293-B24B17FA0601}.Release|Any CPU.ActiveCfg = Release|Any CPU
		{94923858-1A45-457D-8293-B24B17FA0601}.Release|Any CPU.Build.0 = Release|Any CPU
		{94923858-1A45-457D-8293-B24B17FA0601}.Release|ARM.ActiveCfg = Release|Any CPU
		{94923858-1A45-457D-8293-B24B17FA0601}.Release|ARM.Build.0 = Release|Any CPU
		{94923858-1A45-457D-8293-B24B17FA0601}.Release|iPhone.ActiveCfg = Release|Any CPU
		{94923858-1A45-457D-8293-B24B17FA0601}.Release|iPhone.Build.0 = Release|Any CPU
		{94923858-1A45-457D-8293-B24B17FA0601}.Release|iPhoneSimulator.ActiveCfg = Release|Any CPU
		{94923858-1A45-457D-8293-B24B17FA0601}.Release|iPhoneSimulator.Build.0 = Release|Any CPU
		{94923858-1A45-457D-8293-B24B17FA0601}.Release|x86.ActiveCfg = Release|Any CPU
		{94923858-1A45-457D-8293-B24B17FA0601}.Release|x86.Build.0 = Release|Any CPU
		{FE909FD0-EDE2-4F98-8BC9-3C612088332F}.Ad-Hoc|Any CPU.ActiveCfg = Release|Any CPU
		{FE909FD0-EDE2-4F98-8BC9-3C612088332F}.Ad-Hoc|Any CPU.Build.0 = Release|Any CPU
		{FE909FD0-EDE2-4F98-8BC9-3C612088332F}.Ad-Hoc|ARM.ActiveCfg = Debug|Any CPU
		{FE909FD0-EDE2-4F98-8BC9-3C612088332F}.Ad-Hoc|ARM.Build.0 = Debug|Any CPU
		{FE909FD0-EDE2-4F98-8BC9-3C612088332F}.Ad-Hoc|iPhone.ActiveCfg = Release|Any CPU
		{FE909FD0-EDE2-4F98-8BC9-3C612088332F}.Ad-Hoc|iPhone.Build.0 = Release|Any CPU
		{FE909FD0-EDE2-4F98-8BC9-3C612088332F}.Ad-Hoc|iPhoneSimulator.ActiveCfg = Release|Any CPU
		{FE909FD0-EDE2-4F98-8BC9-3C612088332F}.Ad-Hoc|iPhoneSimulator.Build.0 = Release|Any CPU
		{FE909FD0-EDE2-4F98-8BC9-3C612088332F}.Ad-Hoc|x86.ActiveCfg = Debug|Any CPU
		{FE909FD0-EDE2-4F98-8BC9-3C612088332F}.Ad-Hoc|x86.Build.0 = Debug|Any CPU
		{FE909FD0-EDE2-4F98-8BC9-3C612088332F}.AppStore|Any CPU.ActiveCfg = Release|Any CPU
		{FE909FD0-EDE2-4F98-8BC9-3C612088332F}.AppStore|Any CPU.Build.0 = Release|Any CPU
		{FE909FD0-EDE2-4F98-8BC9-3C612088332F}.AppStore|ARM.ActiveCfg = Debug|Any CPU
		{FE909FD0-EDE2-4F98-8BC9-3C612088332F}.AppStore|ARM.Build.0 = Debug|Any CPU
		{FE909FD0-EDE2-4F98-8BC9-3C612088332F}.AppStore|iPhone.ActiveCfg = Release|Any CPU
		{FE909FD0-EDE2-4F98-8BC9-3C612088332F}.AppStore|iPhone.Build.0 = Release|Any CPU
		{FE909FD0-EDE2-4F98-8BC9-3C612088332F}.AppStore|iPhoneSimulator.ActiveCfg = Release|Any CPU
		{FE909FD0-EDE2-4F98-8BC9-3C612088332F}.AppStore|iPhoneSimulator.Build.0 = Release|Any CPU
		{FE909FD0-EDE2-4F98-8BC9-3C612088332F}.AppStore|x86.ActiveCfg = Debug|Any CPU
		{FE909FD0-EDE2-4F98-8BC9-3C612088332F}.AppStore|x86.Build.0 = Debug|Any CPU
		{FE909FD0-EDE2-4F98-8BC9-3C612088332F}.Debug|Any CPU.ActiveCfg = Debug|Any CPU
		{FE909FD0-EDE2-4F98-8BC9-3C612088332F}.Debug|Any CPU.Build.0 = Debug|Any CPU
		{FE909FD0-EDE2-4F98-8BC9-3C612088332F}.Debug|ARM.ActiveCfg = Debug|Any CPU
		{FE909FD0-EDE2-4F98-8BC9-3C612088332F}.Debug|ARM.Build.0 = Debug|Any CPU
		{FE909FD0-EDE2-4F98-8BC9-3C612088332F}.Debug|iPhone.ActiveCfg = Debug|Any CPU
		{FE909FD0-EDE2-4F98-8BC9-3C612088332F}.Debug|iPhone.Build.0 = Debug|Any CPU
		{FE909FD0-EDE2-4F98-8BC9-3C612088332F}.Debug|iPhoneSimulator.ActiveCfg = Debug|Any CPU
		{FE909FD0-EDE2-4F98-8BC9-3C612088332F}.Debug|iPhoneSimulator.Build.0 = Debug|Any CPU
		{FE909FD0-EDE2-4F98-8BC9-3C612088332F}.Debug|x86.ActiveCfg = Debug|Any CPU
		{FE909FD0-EDE2-4F98-8BC9-3C612088332F}.Debug|x86.Build.0 = Debug|Any CPU
		{FE909FD0-EDE2-4F98-8BC9-3C612088332F}.Release|Any CPU.ActiveCfg = Release|Any CPU
		{FE909FD0-EDE2-4F98-8BC9-3C612088332F}.Release|Any CPU.Build.0 = Release|Any CPU
		{FE909FD0-EDE2-4F98-8BC9-3C612088332F}.Release|ARM.ActiveCfg = Release|Any CPU
		{FE909FD0-EDE2-4F98-8BC9-3C612088332F}.Release|ARM.Build.0 = Release|Any CPU
		{FE909FD0-EDE2-4F98-8BC9-3C612088332F}.Release|iPhone.ActiveCfg = Release|Any CPU
		{FE909FD0-EDE2-4F98-8BC9-3C612088332F}.Release|iPhone.Build.0 = Release|Any CPU
		{FE909FD0-EDE2-4F98-8BC9-3C612088332F}.Release|iPhoneSimulator.ActiveCfg = Release|Any CPU
		{FE909FD0-EDE2-4F98-8BC9-3C612088332F}.Release|iPhoneSimulator.Build.0 = Release|Any CPU
		{FE909FD0-EDE2-4F98-8BC9-3C612088332F}.Release|x86.ActiveCfg = Release|Any CPU
		{FE909FD0-EDE2-4F98-8BC9-3C612088332F}.Release|x86.Build.0 = Release|Any CPU
		{6884306A-99AC-42FA-82BF-2F4F38B8F4F3}.Ad-Hoc|Any CPU.ActiveCfg = Release|Any CPU
		{6884306A-99AC-42FA-82BF-2F4F38B8F4F3}.Ad-Hoc|Any CPU.Build.0 = Release|Any CPU
		{6884306A-99AC-42FA-82BF-2F4F38B8F4F3}.Ad-Hoc|Any CPU.Deploy.0 = Release|Any CPU
		{6884306A-99AC-42FA-82BF-2F4F38B8F4F3}.Ad-Hoc|ARM.ActiveCfg = Release|ARM
		{6884306A-99AC-42FA-82BF-2F4F38B8F4F3}.Ad-Hoc|ARM.Build.0 = Release|ARM
		{6884306A-99AC-42FA-82BF-2F4F38B8F4F3}.Ad-Hoc|ARM.Deploy.0 = Release|ARM
		{6884306A-99AC-42FA-82BF-2F4F38B8F4F3}.Ad-Hoc|iPhone.ActiveCfg = Release|Any CPU
		{6884306A-99AC-42FA-82BF-2F4F38B8F4F3}.Ad-Hoc|iPhone.Build.0 = Release|Any CPU
		{6884306A-99AC-42FA-82BF-2F4F38B8F4F3}.Ad-Hoc|iPhone.Deploy.0 = Release|Any CPU
		{6884306A-99AC-42FA-82BF-2F4F38B8F4F3}.Ad-Hoc|iPhoneSimulator.ActiveCfg = Release|Any CPU
		{6884306A-99AC-42FA-82BF-2F4F38B8F4F3}.Ad-Hoc|iPhoneSimulator.Build.0 = Release|Any CPU
		{6884306A-99AC-42FA-82BF-2F4F38B8F4F3}.Ad-Hoc|iPhoneSimulator.Deploy.0 = Release|Any CPU
		{6884306A-99AC-42FA-82BF-2F4F38B8F4F3}.Ad-Hoc|x86.ActiveCfg = Release|x86
		{6884306A-99AC-42FA-82BF-2F4F38B8F4F3}.Ad-Hoc|x86.Build.0 = Release|x86
		{6884306A-99AC-42FA-82BF-2F4F38B8F4F3}.Ad-Hoc|x86.Deploy.0 = Release|x86
		{6884306A-99AC-42FA-82BF-2F4F38B8F4F3}.AppStore|Any CPU.ActiveCfg = Release|Any CPU
		{6884306A-99AC-42FA-82BF-2F4F38B8F4F3}.AppStore|Any CPU.Build.0 = Release|Any CPU
		{6884306A-99AC-42FA-82BF-2F4F38B8F4F3}.AppStore|Any CPU.Deploy.0 = Release|Any CPU
		{6884306A-99AC-42FA-82BF-2F4F38B8F4F3}.AppStore|ARM.ActiveCfg = Release|ARM
		{6884306A-99AC-42FA-82BF-2F4F38B8F4F3}.AppStore|ARM.Build.0 = Release|ARM
		{6884306A-99AC-42FA-82BF-2F4F38B8F4F3}.AppStore|ARM.Deploy.0 = Release|ARM
		{6884306A-99AC-42FA-82BF-2F4F38B8F4F3}.AppStore|iPhone.ActiveCfg = Release|Any CPU
		{6884306A-99AC-42FA-82BF-2F4F38B8F4F3}.AppStore|iPhone.Build.0 = Release|Any CPU
		{6884306A-99AC-42FA-82BF-2F4F38B8F4F3}.AppStore|iPhone.Deploy.0 = Release|Any CPU
		{6884306A-99AC-42FA-82BF-2F4F38B8F4F3}.AppStore|iPhoneSimulator.ActiveCfg = Release|Any CPU
		{6884306A-99AC-42FA-82BF-2F4F38B8F4F3}.AppStore|iPhoneSimulator.Build.0 = Release|Any CPU
		{6884306A-99AC-42FA-82BF-2F4F38B8F4F3}.AppStore|iPhoneSimulator.Deploy.0 = Release|Any CPU
		{6884306A-99AC-42FA-82BF-2F4F38B8F4F3}.AppStore|x86.ActiveCfg = Release|x86
		{6884306A-99AC-42FA-82BF-2F4F38B8F4F3}.AppStore|x86.Build.0 = Release|x86
		{6884306A-99AC-42FA-82BF-2F4F38B8F4F3}.AppStore|x86.Deploy.0 = Release|x86
		{6884306A-99AC-42FA-82BF-2F4F38B8F4F3}.Debug|Any CPU.ActiveCfg = Debug|Any CPU
		{6884306A-99AC-42FA-82BF-2F4F38B8F4F3}.Debug|Any CPU.Build.0 = Debug|Any CPU
		{6884306A-99AC-42FA-82BF-2F4F38B8F4F3}.Debug|Any CPU.Deploy.0 = Debug|Any CPU
		{6884306A-99AC-42FA-82BF-2F4F38B8F4F3}.Debug|ARM.ActiveCfg = Debug|ARM
		{6884306A-99AC-42FA-82BF-2F4F38B8F4F3}.Debug|ARM.Build.0 = Debug|ARM
		{6884306A-99AC-42FA-82BF-2F4F38B8F4F3}.Debug|ARM.Deploy.0 = Debug|ARM
		{6884306A-99AC-42FA-82BF-2F4F38B8F4F3}.Debug|iPhone.ActiveCfg = Debug|Any CPU
		{6884306A-99AC-42FA-82BF-2F4F38B8F4F3}.Debug|iPhone.Build.0 = Debug|Any CPU
		{6884306A-99AC-42FA-82BF-2F4F38B8F4F3}.Debug|iPhone.Deploy.0 = Debug|Any CPU
		{6884306A-99AC-42FA-82BF-2F4F38B8F4F3}.Debug|iPhoneSimulator.ActiveCfg = Debug|Any CPU
		{6884306A-99AC-42FA-82BF-2F4F38B8F4F3}.Debug|iPhoneSimulator.Build.0 = Debug|Any CPU
		{6884306A-99AC-42FA-82BF-2F4F38B8F4F3}.Debug|iPhoneSimulator.Deploy.0 = Debug|Any CPU
		{6884306A-99AC-42FA-82BF-2F4F38B8F4F3}.Debug|x86.ActiveCfg = Debug|x86
		{6884306A-99AC-42FA-82BF-2F4F38B8F4F3}.Debug|x86.Build.0 = Debug|x86
		{6884306A-99AC-42FA-82BF-2F4F38B8F4F3}.Debug|x86.Deploy.0 = Debug|x86
		{6884306A-99AC-42FA-82BF-2F4F38B8F4F3}.Release|Any CPU.ActiveCfg = Release|Any CPU
		{6884306A-99AC-42FA-82BF-2F4F38B8F4F3}.Release|Any CPU.Build.0 = Release|Any CPU
		{6884306A-99AC-42FA-82BF-2F4F38B8F4F3}.Release|Any CPU.Deploy.0 = Release|Any CPU
		{6884306A-99AC-42FA-82BF-2F4F38B8F4F3}.Release|ARM.ActiveCfg = Release|ARM
		{6884306A-99AC-42FA-82BF-2F4F38B8F4F3}.Release|ARM.Build.0 = Release|ARM
		{6884306A-99AC-42FA-82BF-2F4F38B8F4F3}.Release|ARM.Deploy.0 = Release|ARM
		{6884306A-99AC-42FA-82BF-2F4F38B8F4F3}.Release|iPhone.ActiveCfg = Release|Any CPU
		{6884306A-99AC-42FA-82BF-2F4F38B8F4F3}.Release|iPhone.Build.0 = Release|Any CPU
		{6884306A-99AC-42FA-82BF-2F4F38B8F4F3}.Release|iPhone.Deploy.0 = Release|Any CPU
		{6884306A-99AC-42FA-82BF-2F4F38B8F4F3}.Release|iPhoneSimulator.ActiveCfg = Release|Any CPU
		{6884306A-99AC-42FA-82BF-2F4F38B8F4F3}.Release|iPhoneSimulator.Build.0 = Release|Any CPU
		{6884306A-99AC-42FA-82BF-2F4F38B8F4F3}.Release|iPhoneSimulator.Deploy.0 = Release|Any CPU
		{6884306A-99AC-42FA-82BF-2F4F38B8F4F3}.Release|x86.ActiveCfg = Release|x86
		{6884306A-99AC-42FA-82BF-2F4F38B8F4F3}.Release|x86.Build.0 = Release|x86
		{6884306A-99AC-42FA-82BF-2F4F38B8F4F3}.Release|x86.Deploy.0 = Release|x86
	EndGlobalSection
	GlobalSection(SolutionProperties) = preSolution
		HideSolutionNode = FALSE
	EndGlobalSection
EndGlobal
